
Microsoft Visual Studio Solution File, Format Version 12.00
# Visual Studio Version 17
VisualStudioVersion = 17.9.34723.18
MinimumVisualStudioVersion = 10.0.40219.1
Project("{FAE04EC0-301F-11D3-BF4B-00C04F79EFBC}") = "DesktopAdjust", "DesktopAdjust\DesktopAdjust.csproj", "{24819ACB-CF44-4A9F-A126-92E7B1FC1483}"
EndProject
Global
	GlobalSection(SolutionConfigurationPlatforms) = preSolution
		Debug|Any CPU = Debug|Any CPU
		Release|Any CPU = Release|Any CPU
	EndGlobalSection
	GlobalSection(ProjectConfigurationPlatforms) = postSolution
		{24819ACB-CF44-4A9F-A126-92E7B1FC1483}.Debug|Any CPU.ActiveCfg = Debug|Any CPU
		{24819ACB-CF44-4A9F-A126-92E7B1FC1483}.Debug|Any CPU.Build.0 = Debug|Any CPU
		{24819ACB-CF44-4A9F-A126-92E7B1FC1483}.Release|Any CPU.ActiveCfg = Release|Any CPU
		{24819ACB-CF44-4A9F-A126-92E7B1FC1483}.Release|Any CPU.Build.0 = Release|Any CPU
	EndGlobalSection
	GlobalSection(SolutionProperties) = preSolution
		HideSolutionNode = FALSE
	EndGlobalSection
	GlobalSection(ExtensibilityGlobals) = postSolution
		SolutionGuid = {54F9F4AC-A1EC-4088-AB56-99CA8DCC06B6}
	EndGlobalSection
EndGlobal
